
Microsoft Visual Studio Solution File, Format Version 12.00
# Visual Studio Version 17
VisualStudioVersion = 17.12.35707.178 d17.12
MinimumVisualStudioVersion = 10.0.40219.1
Project("{FAE04EC0-301F-11D3-BF4B-00C04F79EFBC}") = "AirportQueues", "AirportQueues\AirportQueues.csproj", "{8D77D65F-6C9E-4059-8320-24FB0309820F}"
EndProject
Global
	GlobalSection(SolutionConfigurationPlatforms) = preSolution
		Debug|Any CPU = Debug|Any CPU
		Release|Any CPU = Release|Any CPU
	EndGlobalSection
	GlobalSection(ProjectConfigurationPlatforms) = postSolution
		{8D77D65F-6C9E-4059-8320-24FB0309820F}.Debug|Any CPU.ActiveCfg = Debug|Any CPU
		{8D77D65F-6C9E-4059-8320-24FB0309820F}.Debug|Any CPU.Build.0 = Debug|Any CPU
		{8D77D65F-6C9E-4059-8320-24FB0309820F}.Release|Any CPU.ActiveCfg = Release|Any CPU
		{8D77D65F-6C9E-4059-8320-24FB0309820F}.Release|Any CPU.Build.0 = Release|Any CPU
	EndGlobalSection
	GlobalSection(SolutionProperties) = preSolution
		HideSolutionNode = FALSE
	EndGlobalSection
EndGlobal
